// !$*UTF8*$!
{
	archiveVersion = 1;
	classes = {
	};
	objectVersion = 55;
	objects = {

/* Begin PBXBuildFile section */
		DE17C75328D01E200081E183 /* 2309.swift in Sources */ = {isa = PBXBuildFile; fileRef = DE17C75228D01E1F0081E183 /* 2309.swift */; };
		DE69829628BC4EF700909884 /* 1010.swift in Sources */ = {isa = PBXBuildFile; fileRef = DE69829528BC4EF700909884 /* 1010.swift */; };
		DE69829928BC930400909884 /* 2981.swift in Sources */ = {isa = PBXBuildFile; fileRef = DE69829828BC930400909884 /* 2981.swift */; };
		DE6982A228BDF6C400909884 /* 1676.swift in Sources */ = {isa = PBXBuildFile; fileRef = DE6982A128BDF6C400909884 /* 1676.swift */; };
		DE6982A428BF02F400909884 /* 9375.swift in Sources */ = {isa = PBXBuildFile; fileRef = DE6982A328BF02F400909884 /* 9375.swift */; };
		DE6982A628BF411600909884 /* 2004.swift in Sources */ = {isa = PBXBuildFile; fileRef = DE6982A528BF411600909884 /* 2004.swift */; };
		DE77CB4F28D1A35E000DEAB9 /* 3085.swift in Sources */ = {isa = PBXBuildFile; fileRef = DE77CB4E28D1A35E000DEAB9 /* 3085.swift */; };
		DE77CB5128D1BF67000DEAB9 /* 1748.swift in Sources */ = {isa = PBXBuildFile; fileRef = DE77CB5028D1BF67000DEAB9 /* 1748.swift */; };
		DE77CB5328D1C286000DEAB9 /* 9095.swift in Sources */ = {isa = PBXBuildFile; fileRef = DE77CB5228D1C286000DEAB9 /* 9095.swift */; };
		DEA264E528B88A9C00669708 /* 25305.swift in Sources */ = {isa = PBXBuildFile; fileRef = DEA264E428B88A9C00669708 /* 25305.swift */; };
		DEA264E728B88AA900669708 /* main.swift in Sources */ = {isa = PBXBuildFile; fileRef = DEA264E628B88AA900669708 /* main.swift */; };
		DEA264EC28B89E9500669708 /* 10845.swift in Sources */ = {isa = PBXBuildFile; fileRef = DEA264EB28B89E9500669708 /* 10845.swift */; };
		DEA264EF28B89EBF00669708 /* Queue.swift in Sources */ = {isa = PBXBuildFile; fileRef = DEA264EE28B89EBF00669708 /* Queue.swift */; };
		DEA264F028B8A72A00669708 /* 2164.swift in Sources */ = {isa = PBXBuildFile; fileRef = DEA264E928B894A200669708 /* 2164.swift */; };
		DEA264F428B8B28800669708 /* fileIO.swift in Sources */ = {isa = PBXBuildFile; fileRef = DEA264F328B8B28800669708 /* fileIO.swift */; };
		DEA264F628B8B2A300669708 /* 1966.swift in Sources */ = {isa = PBXBuildFile; fileRef = DEA264F528B8B2A300669708 /* 1966.swift */; };
		DEA264F828B8C83200669708 /* 11866.swift in Sources */ = {isa = PBXBuildFile; fileRef = DEA264F728B8C83200669708 /* 11866.swift */; };
		DEA264FA28BB677500669708 /* 2161.swift in Sources */ = {isa = PBXBuildFile; fileRef = DEA264F928BB677500669708 /* 2161.swift */; };
		DEA264FC28BB6FB900669708 /* 15828.swift in Sources */ = {isa = PBXBuildFile; fileRef = DEA264FB28BB6FB900669708 /* 15828.swift */; };
		DEA264FE28BB7B7B00669708 /* 24511.swift in Sources */ = {isa = PBXBuildFile; fileRef = DEA264FD28BB7B7B00669708 /* 24511.swift */; };
		DEA264FF28BB848500669708 /* 18258.swift in Sources */ = {isa = PBXBuildFile; fileRef = DEA264F128B8A89300669708 /* 18258.swift */; };
		DEAB42E828D07033001B9814 /* 1476.swift in Sources */ = {isa = PBXBuildFile; fileRef = DEAB42E728D07033001B9814 /* 1476.swift */; };
		DEDA6EA328C5C0FA00722353 /* 15649.swift in Sources */ = {isa = PBXBuildFile; fileRef = DEDA6EA228C5C0FA00722353 /* 15649.swift */; };
		DEEA4ABC28C0809C00818A7E /* 24416.swift in Sources */ = {isa = PBXBuildFile; fileRef = DEEA4ABA28C07BC600818A7E /* 24416.swift */; };
		DEEA4ABE28C080C600818A7E /* 1904.swift in Sources */ = {isa = PBXBuildFile; fileRef = DEEA4ABD28C080C600818A7E /* 1904.swift */; };
		DEEA4AC028C0900100818A7E /* 9461.swift in Sources */ = {isa = PBXBuildFile; fileRef = DEEA4ABF28C0900100818A7E /* 9461.swift */; };
		DEEA4AC328C0A06800818A7E /* 13241.swift in Sources */ = {isa = PBXBuildFile; fileRef = DEEA4AC228C0A06800818A7E /* 13241.swift */; };
		DEEA4AC528C0A8D000818A7E /* 9184.swift in Sources */ = {isa = PBXBuildFile; fileRef = DEEA4AC428C0A8D000818A7E /* 9184.swift */; };
		DEEA4AC728C19FDB00818A7E /* 25044.swift in Sources */ = {isa = PBXBuildFile; fileRef = DEEA4AC628C19FDB00818A7E /* 25044.swift */; };
/* End PBXBuildFile section */

/* Begin PBXCopyFilesBuildPhase section */
		DEBD274927883F2700E92FCE /* CopyFiles */ = {
			isa = PBXCopyFilesBuildPhase;
			buildActionMask = 2147483647;
			dstPath = /usr/share/man/man1/;
			dstSubfolderSpec = 0;
			files = (
			);
			runOnlyForDeploymentPostprocessing = 1;
		};
/* End PBXCopyFilesBuildPhase section */

/* Begin PBXFileReference section */
		DE17C75228D01E1F0081E183 /* 2309.swift */ = {isa = PBXFileReference; lastKnownFileType = sourcecode.swift; path = 2309.swift; sourceTree = "<group>"; };
		DE1D1C4B2850784B00A38FC0 /* 4999.swift */ = {isa = PBXFileReference; lastKnownFileType = sourcecode.swift; path = 4999.swift; sourceTree = "<group>"; };
		DE1D1C4D2850834000A38FC0 /* 13163.swift */ = {isa = PBXFileReference; lastKnownFileType = sourcecode.swift; path = 13163.swift; sourceTree = "<group>"; };
		DE1D1C4F285083F600A38FC0 /* 1158.swift */ = {isa = PBXFileReference; lastKnownFileType = sourcecode.swift; path = 1158.swift; sourceTree = "<group>"; };
		DE1D1C5128508F5700A38FC0 /* 10157.swift */ = {isa = PBXFileReference; lastKnownFileType = sourcecode.swift; path = 10157.swift; sourceTree = "<group>"; };
		DE2FFFAB2864426C000CADB4 /* 21966.swift */ = {isa = PBXFileReference; lastKnownFileType = sourcecode.swift; path = 21966.swift; sourceTree = "<group>"; };
		DE2FFFAD2864635F000CADB4 /* 2750.swift */ = {isa = PBXFileReference; lastKnownFileType = sourcecode.swift; path = 2750.swift; sourceTree = "<group>"; };
		DE2FFFAF28646877000CADB4 /* 2751.swift */ = {isa = PBXFileReference; lastKnownFileType = sourcecode.swift; path = 2751.swift; sourceTree = "<group>"; };
		DE2FFFB128646A63000CADB4 /* 10989.swift */ = {isa = PBXFileReference; lastKnownFileType = sourcecode.swift; path = 10989.swift; sourceTree = "<group>"; };
		DE392B47286551DF00C5AA24 /* 2108.swift */ = {isa = PBXFileReference; lastKnownFileType = sourcecode.swift; path = 2108.swift; sourceTree = "<group>"; };
		DE392B4928656F5E00C5AA24 /* 1427.swift */ = {isa = PBXFileReference; lastKnownFileType = sourcecode.swift; path = 1427.swift; sourceTree = "<group>"; };
		DE392B4B286573BC00C5AA24 /* 11650.swift */ = {isa = PBXFileReference; lastKnownFileType = sourcecode.swift; path = 11650.swift; sourceTree = "<group>"; };
		DE392B4D286579B300C5AA24 /* 11651.swift */ = {isa = PBXFileReference; lastKnownFileType = sourcecode.swift; path = 11651.swift; sourceTree = "<group>"; };
		DE392B4F28657AE000C5AA24 /* 1181.swift */ = {isa = PBXFileReference; lastKnownFileType = sourcecode.swift; path = 1181.swift; sourceTree = "<group>"; };
		DE392B5128657F5300C5AA24 /* 10814.swift */ = {isa = PBXFileReference; lastKnownFileType = sourcecode.swift; path = 10814.swift; sourceTree = "<group>"; };
		DE392B532865822600C5AA24 /* 18870.swift */ = {isa = PBXFileReference; lastKnownFileType = sourcecode.swift; path = 18870.swift; sourceTree = "<group>"; };
		DE3E3814284461B80073FE9D /* 3052.swift */ = {isa = PBXFileReference; lastKnownFileType = sourcecode.swift; path = 3052.swift; sourceTree = "<group>"; };
		DE3E3816284464840073FE9D /* 8958.swift */ = {isa = PBXFileReference; lastKnownFileType = sourcecode.swift; path = 8958.swift; sourceTree = "<group>"; };
		DE3E38182844BA4F0073FE9D /* 1929.swift */ = {isa = PBXFileReference; lastKnownFileType = sourcecode.swift; path = 1929.swift; sourceTree = "<group>"; };
		DE3E381A2844C0600073FE9D /* 4948.swift */ = {isa = PBXFileReference; lastKnownFileType = sourcecode.swift; path = 4948.swift; sourceTree = "<group>"; };
		DE3E381C2844C62C0073FE9D /* 9020.swift */ = {isa = PBXFileReference; lastKnownFileType = sourcecode.swift; path = 9020.swift; sourceTree = "<group>"; };
		DE5614BC284DE9D500DC96E3 /* 2447.swift */ = {isa = PBXFileReference; fileEncoding = 4; lastKnownFileType = sourcecode.swift; path = 2447.swift; sourceTree = "<group>"; };
		DE5614BE284DFA7D00DC96E3 /* 11729.swift */ = {isa = PBXFileReference; lastKnownFileType = sourcecode.swift; path = 11729.swift; sourceTree = "<group>"; };
		DE69829528BC4EF700909884 /* 1010.swift */ = {isa = PBXFileReference; lastKnownFileType = sourcecode.swift; path = 1010.swift; sourceTree = "<group>"; };
		DE69829828BC930400909884 /* 2981.swift */ = {isa = PBXFileReference; lastKnownFileType = sourcecode.swift; path = 2981.swift; sourceTree = "<group>"; };
		DE6982A128BDF6C400909884 /* 1676.swift */ = {isa = PBXFileReference; lastKnownFileType = sourcecode.swift; path = 1676.swift; sourceTree = "<group>"; };
		DE6982A328BF02F400909884 /* 9375.swift */ = {isa = PBXFileReference; lastKnownFileType = sourcecode.swift; path = 9375.swift; sourceTree = "<group>"; };
		DE6982A528BF411600909884 /* 2004.swift */ = {isa = PBXFileReference; lastKnownFileType = sourcecode.swift; path = 2004.swift; sourceTree = "<group>"; };
		DE77CB4E28D1A35E000DEAB9 /* 3085.swift */ = {isa = PBXFileReference; lastKnownFileType = sourcecode.swift; path = 3085.swift; sourceTree = "<group>"; };
		DE77CB5028D1BF67000DEAB9 /* 1748.swift */ = {isa = PBXFileReference; lastKnownFileType = sourcecode.swift; path = 1748.swift; sourceTree = "<group>"; };
		DE77CB5228D1C286000DEAB9 /* 9095.swift */ = {isa = PBXFileReference; lastKnownFileType = sourcecode.swift; path = 9095.swift; sourceTree = "<group>"; };
		DE79E80B286C244400335047 /* 10815.swift */ = {isa = PBXFileReference; lastKnownFileType = sourcecode.swift; path = 10815.swift; sourceTree = "<group>"; };
		DE79E80D286C3BCF00335047 /* 14425.swift */ = {isa = PBXFileReference; lastKnownFileType = sourcecode.swift; path = 14425.swift; sourceTree = "<group>"; };
		DE79E80F286C3EAE00335047 /* 1620.swift */ = {isa = PBXFileReference; lastKnownFileType = sourcecode.swift; path = 1620.swift; sourceTree = "<group>"; };
		DE79E812286C484700335047 /* 10816.swift */ = {isa = PBXFileReference; lastKnownFileType = sourcecode.swift; path = 10816.swift; sourceTree = "<group>"; };
		DE79E814286EAC3C00335047 /* 1764.swift */ = {isa = PBXFileReference; lastKnownFileType = sourcecode.swift; path = 1764.swift; sourceTree = "<group>"; };
		DE79E816286EB09000335047 /* 1269.swift */ = {isa = PBXFileReference; lastKnownFileType = sourcecode.swift; path = 1269.swift; sourceTree = "<group>"; };
		DE79E818286EBBEC00335047 /* 11478.swift */ = {isa = PBXFileReference; lastKnownFileType = sourcecode.swift; path = 11478.swift; sourceTree = "<group>"; };
		DE79E81A286EE99800335047 /* 1085.swift */ = {isa = PBXFileReference; lastKnownFileType = sourcecode.swift; path = 1085.swift; sourceTree = "<group>"; };
		DE79E81C286EEB9600335047 /* 2477.swift */ = {isa = PBXFileReference; lastKnownFileType = sourcecode.swift; path = 2477.swift; sourceTree = "<group>"; };
		DE88FEEA287D4714007F3472 /* 11050.swift */ = {isa = PBXFileReference; lastKnownFileType = sourcecode.swift; path = 11050.swift; sourceTree = "<group>"; };
		DE88FEEC287D51D2007F3472 /* 11051.swift */ = {isa = PBXFileReference; lastKnownFileType = sourcecode.swift; path = 11051.swift; sourceTree = "<group>"; };
		DE94F866284B7EA000C6C208 /* 10872.swift */ = {isa = PBXFileReference; lastKnownFileType = sourcecode.swift; path = 10872.swift; sourceTree = "<group>"; };
		DE94F868284B80F800C6C208 /* 10870.swift */ = {isa = PBXFileReference; lastKnownFileType = sourcecode.swift; path = 10870.swift; sourceTree = "<group>"; };
		DE94F86A284B82A600C6C208 /* 17478.swift */ = {isa = PBXFileReference; lastKnownFileType = sourcecode.swift; path = 17478.swift; sourceTree = "<group>"; };
		DE9A02F6284778080005212B /* 10824.swift */ = {isa = PBXFileReference; lastKnownFileType = sourcecode.swift; path = 10824.swift; sourceTree = "<group>"; };
		DE9A02F82847790E0005212B /* 9093.swift */ = {isa = PBXFileReference; lastKnownFileType = sourcecode.swift; path = 9093.swift; sourceTree = "<group>"; };
		DE9A02FA28477C2C0005212B /* 4153.swift */ = {isa = PBXFileReference; lastKnownFileType = sourcecode.swift; path = 4153.swift; sourceTree = "<group>"; };
		DE9A02FE2847807B0005212B /* 1100.swift */ = {isa = PBXFileReference; lastKnownFileType = sourcecode.swift; path = 1100.swift; sourceTree = "<group>"; };
		DEA264E428B88A9C00669708 /* 25305.swift */ = {isa = PBXFileReference; lastKnownFileType = sourcecode.swift; path = 25305.swift; sourceTree = "<group>"; };
		DEA264E628B88AA900669708 /* main.swift */ = {isa = PBXFileReference; lastKnownFileType = sourcecode.swift; path = main.swift; sourceTree = "<group>"; };
		DEA264E928B894A200669708 /* 2164.swift */ = {isa = PBXFileReference; lastKnownFileType = sourcecode.swift; path = 2164.swift; sourceTree = "<group>"; };
		DEA264EB28B89E9500669708 /* 10845.swift */ = {isa = PBXFileReference; lastKnownFileType = sourcecode.swift; path = 10845.swift; sourceTree = "<group>"; };
		DEA264EE28B89EBF00669708 /* Queue.swift */ = {isa = PBXFileReference; lastKnownFileType = sourcecode.swift; path = Queue.swift; sourceTree = "<group>"; };
		DEA264F128B8A89300669708 /* 18258.swift */ = {isa = PBXFileReference; lastKnownFileType = sourcecode.swift; path = 18258.swift; sourceTree = "<group>"; };
		DEA264F328B8B28800669708 /* fileIO.swift */ = {isa = PBXFileReference; lastKnownFileType = sourcecode.swift; path = fileIO.swift; sourceTree = "<group>"; };
		DEA264F528B8B2A300669708 /* 1966.swift */ = {isa = PBXFileReference; lastKnownFileType = sourcecode.swift; path = 1966.swift; sourceTree = "<group>"; };
		DEA264F728B8C83200669708 /* 11866.swift */ = {isa = PBXFileReference; lastKnownFileType = sourcecode.swift; path = 11866.swift; sourceTree = "<group>"; };
		DEA264F928BB677500669708 /* 2161.swift */ = {isa = PBXFileReference; lastKnownFileType = sourcecode.swift; path = 2161.swift; sourceTree = "<group>"; };
		DEA264FB28BB6FB900669708 /* 15828.swift */ = {isa = PBXFileReference; lastKnownFileType = sourcecode.swift; path = 15828.swift; sourceTree = "<group>"; };
		DEA264FD28BB7B7B00669708 /* 24511.swift */ = {isa = PBXFileReference; lastKnownFileType = sourcecode.swift; path = 24511.swift; sourceTree = "<group>"; };
		DEA2650128BB8C1B00669708 /* 24511.png */ = {isa = PBXFileReference; lastKnownFileType = image.png; path = 24511.png; sourceTree = "<group>"; };
		DEAB42E728D07033001B9814 /* 1476.swift */ = {isa = PBXFileReference; lastKnownFileType = sourcecode.swift; path = 1476.swift; sourceTree = "<group>"; };
		DEB42D45285974E800A94485 /* 10828.swift */ = {isa = PBXFileReference; lastKnownFileType = sourcecode.swift; path = 10828.swift; sourceTree = "<group>"; };
		DEB5EA5627F03F2D00204BF6 /* 1152.swift */ = {isa = PBXFileReference; lastKnownFileType = sourcecode.swift; path = 1152.swift; sourceTree = "<group>"; };
		DEB5EA5B27F040A700204BF6 /* 2675.swift */ = {isa = PBXFileReference; lastKnownFileType = sourcecode.swift; path = 2675.swift; sourceTree = "<group>"; };
		DEB5EA5D27F0423100204BF6 /* algorithm */ = {isa = PBXFileReference; explicitFileType = "compiled.mach-o.executable"; includeInIndex = 0; path = algorithm; sourceTree = BUILT_PRODUCTS_DIR; };
		DEB5EA5E27F0449300204BF6 /* 10809.swift */ = {isa = PBXFileReference; lastKnownFileType = sourcecode.swift; path = 10809.swift; sourceTree = "<group>"; };
		DEB5EA6027F044DD00204BF6 /* 11720.swift */ = {isa = PBXFileReference; lastKnownFileType = sourcecode.swift; path = 11720.swift; sourceTree = "<group>"; };
		DEB5EA6227F046DB00204BF6 /* 11654.swift */ = {isa = PBXFileReference; lastKnownFileType = sourcecode.swift; path = 11654.swift; sourceTree = "<group>"; };
		DEB5EA6427F04C3700204BF6 /* 1978.swift */ = {isa = PBXFileReference; lastKnownFileType = sourcecode.swift; path = 1978.swift; sourceTree = "<group>"; };
		DEB5EA6627F0510100204BF6 /* 2581.swift */ = {isa = PBXFileReference; lastKnownFileType = sourcecode.swift; path = 2581.swift; sourceTree = "<group>"; };
		DEB5EA6827F052BF00204BF6 /* 11653.swift */ = {isa = PBXFileReference; lastKnownFileType = sourcecode.swift; path = 11653.swift; sourceTree = "<group>"; };
		DEB5EA6A27F0557000204BF6 /* 4344.swift */ = {isa = PBXFileReference; lastKnownFileType = sourcecode.swift; path = 4344.swift; sourceTree = "<group>"; };
		DEBD274E27883F2700E92FCE /* 1780.swift */ = {isa = PBXFileReference; lastKnownFileType = sourcecode.swift; path = 1780.swift; sourceTree = "<group>"; };
		DEC7122B2872CF2100440E0D /* 3009.swift */ = {isa = PBXFileReference; lastKnownFileType = sourcecode.swift; path = 3009.swift; sourceTree = "<group>"; };
		DEC7122D2872D87E00440E0D /* 3053.swift */ = {isa = PBXFileReference; lastKnownFileType = sourcecode.swift; path = 3053.swift; sourceTree = "<group>"; };
		DEC7122F2872DAA700440E0D /* 1004.swift */ = {isa = PBXFileReference; lastKnownFileType = sourcecode.swift; path = 1004.swift; sourceTree = "<group>"; };
		DEC712312873D41400440E0D /* 1358.swift */ = {isa = PBXFileReference; lastKnownFileType = sourcecode.swift; path = 1358.swift; sourceTree = "<group>"; };
		DEC712342874049F00440E0D /* 5086.swift */ = {isa = PBXFileReference; lastKnownFileType = sourcecode.swift; path = 5086.swift; sourceTree = "<group>"; };
		DEC712362874067D00440E0D /* 1037.swift */ = {isa = PBXFileReference; lastKnownFileType = sourcecode.swift; path = 1037.swift; sourceTree = "<group>"; };
		DEC7123A2874080100440E0D /* 2609.swift */ = {isa = PBXFileReference; lastKnownFileType = sourcecode.swift; path = 2609.swift; sourceTree = "<group>"; };
		DEC7123C28740B3400440E0D /* 1934.swift */ = {isa = PBXFileReference; lastKnownFileType = sourcecode.swift; path = 1934.swift; sourceTree = "<group>"; };
		DEC7123E2874187F00440E0D /* 3036.swift */ = {isa = PBXFileReference; lastKnownFileType = sourcecode.swift; path = 3036.swift; sourceTree = "<group>"; };
		DED7D7482847894700885E35 /* 2798.swift */ = {isa = PBXFileReference; lastKnownFileType = sourcecode.swift; path = 2798.swift; sourceTree = "<group>"; };
		DED7D74A2847909700885E35 /* 10992.swift */ = {isa = PBXFileReference; lastKnownFileType = sourcecode.swift; path = 10992.swift; sourceTree = "<group>"; };
		DEDA6EA228C5C0FA00722353 /* 15649.swift */ = {isa = PBXFileReference; lastKnownFileType = sourcecode.swift; path = 15649.swift; sourceTree = "<group>"; };
		DEEA4ABA28C07BC600818A7E /* 24416.swift */ = {isa = PBXFileReference; lastKnownFileType = sourcecode.swift; path = 24416.swift; sourceTree = "<group>"; };
		DEEA4ABD28C080C600818A7E /* 1904.swift */ = {isa = PBXFileReference; lastKnownFileType = sourcecode.swift; path = 1904.swift; sourceTree = "<group>"; };
		DEEA4ABF28C0900100818A7E /* 9461.swift */ = {isa = PBXFileReference; lastKnownFileType = sourcecode.swift; path = 9461.swift; sourceTree = "<group>"; };
		DEEA4AC228C0A06800818A7E /* 13241.swift */ = {isa = PBXFileReference; lastKnownFileType = sourcecode.swift; path = 13241.swift; sourceTree = "<group>"; };
		DEEA4AC428C0A8D000818A7E /* 9184.swift */ = {isa = PBXFileReference; lastKnownFileType = sourcecode.swift; path = 9184.swift; sourceTree = "<group>"; };
		DEEA4AC628C19FDB00818A7E /* 25044.swift */ = {isa = PBXFileReference; lastKnownFileType = sourcecode.swift; path = 25044.swift; sourceTree = "<group>"; };
/* End PBXFileReference section */

/* Begin PBXFrameworksBuildPhase section */
		DEBD274827883F2700E92FCE /* Frameworks */ = {
			isa = PBXFrameworksBuildPhase;
			buildActionMask = 2147483647;
			files = (
			);
			runOnlyForDeploymentPostprocessing = 0;
		};
/* End PBXFrameworksBuildPhase section */

/* Begin PBXGroup section */
		DE69829E28BDF6A700909884 /* 한번 더 생각해볼 문제 */ = {
			isa = PBXGroup;
			children = (
				DE69829528BC4EF700909884 /* 1010.swift */,
			);
			name = "한번 더 생각해볼 문제";
			path = "한번 더 생각해볼 문제";
			sourceTree = "<group>";
		};
		DE69829F28BDF6B500909884 /* 덜 푼 문제 */ = {
			isa = PBXGroup;
			children = (
				DE1D1C5128508F5700A38FC0 /* 10157.swift */,
				DE69829828BC930400909884 /* 2981.swift */,
			);
			name = "덜 푼 문제";
			path = "덜 푼 문제";
			sourceTree = "<group>";
		};
		DE9A02FC28477DC80005212B /* 풀이 완료 파일 */ = {
			isa = PBXGroup;
			children = (
				DE77CB5028D1BF67000DEAB9 /* 1748.swift */,
				DE77CB4E28D1A35E000DEAB9 /* 3085.swift */,
				DEAB42E728D07033001B9814 /* 1476.swift */,
				DE17C75228D01E1F0081E183 /* 2309.swift */,
				DEEA4AC428C0A8D000818A7E /* 9184.swift */,
				DE6982A528BF411600909884 /* 2004.swift */,
				DEEA4AC228C0A06800818A7E /* 13241.swift */,
				DEEA4ABF28C0900100818A7E /* 9461.swift */,
				DEEA4ABD28C080C600818A7E /* 1904.swift */,
				DEEA4ABA28C07BC600818A7E /* 24416.swift */,
				DE6982A328BF02F400909884 /* 9375.swift */,
				DE6982A128BDF6C400909884 /* 1676.swift */,
				DEA264FD28BB7B7B00669708 /* 24511.swift */,
				DEA264FB28BB6FB900669708 /* 15828.swift */,
				DEA264F928BB677500669708 /* 2161.swift */,
				DEA264F728B8C83200669708 /* 11866.swift */,
				DEA264F528B8B2A300669708 /* 1966.swift */,
				DEA264F128B8A89300669708 /* 18258.swift */,
				DEA264EB28B89E9500669708 /* 10845.swift */,
				DEA264E928B894A200669708 /* 2164.swift */,
				DEA264E428B88A9C00669708 /* 25305.swift */,
				DE88FEEC287D51D2007F3472 /* 11051.swift */,
				DE88FEEA287D4714007F3472 /* 11050.swift */,
				DEC7123E2874187F00440E0D /* 3036.swift */,
				DEC7123C28740B3400440E0D /* 1934.swift */,
				DEC7123A2874080100440E0D /* 2609.swift */,
				DEC712362874067D00440E0D /* 1037.swift */,
				DEC712342874049F00440E0D /* 5086.swift */,
				DEC712312873D41400440E0D /* 1358.swift */,
				DEC7122F2872DAA700440E0D /* 1004.swift */,
				DEC7122D2872D87E00440E0D /* 3053.swift */,
				DEC7122B2872CF2100440E0D /* 3009.swift */,
				DE79E81C286EEB9600335047 /* 2477.swift */,
				DE79E81A286EE99800335047 /* 1085.swift */,
				DE79E818286EBBEC00335047 /* 11478.swift */,
				DE79E816286EB09000335047 /* 1269.swift */,
				DE79E814286EAC3C00335047 /* 1764.swift */,
				DE79E812286C484700335047 /* 10816.swift */,
				DE79E80B286C244400335047 /* 10815.swift */,
				DE79E80F286C3EAE00335047 /* 1620.swift */,
				DE79E80D286C3BCF00335047 /* 14425.swift */,
				DE392B532865822600C5AA24 /* 18870.swift */,
				DE392B5128657F5300C5AA24 /* 10814.swift */,
				DE392B4F28657AE000C5AA24 /* 1181.swift */,
				DE392B4D286579B300C5AA24 /* 11651.swift */,
				DE392B4B286573BC00C5AA24 /* 11650.swift */,
				DE392B4928656F5E00C5AA24 /* 1427.swift */,
				DE392B47286551DF00C5AA24 /* 2108.swift */,
				DE2FFFAD2864635F000CADB4 /* 2750.swift */,
				DE2FFFAF28646877000CADB4 /* 2751.swift */,
				DE2FFFAB2864426C000CADB4 /* 21966.swift */,
				DEB42D45285974E800A94485 /* 10828.swift */,
				DE1D1C4F285083F600A38FC0 /* 1158.swift */,
				DE1D1C4D2850834000A38FC0 /* 13163.swift */,
				DE1D1C4B2850784B00A38FC0 /* 4999.swift */,
				DE5614BE284DFA7D00DC96E3 /* 11729.swift */,
				DE5614BC284DE9D500DC96E3 /* 2447.swift */,
				DE94F86A284B82A600C6C208 /* 17478.swift */,
				DE94F868284B80F800C6C208 /* 10870.swift */,
				DE94F866284B7EA000C6C208 /* 10872.swift */,
				DE3E381C2844C62C0073FE9D /* 9020.swift */,
				DED7D74A2847909700885E35 /* 10992.swift */,
				DED7D7482847894700885E35 /* 2798.swift */,
				DE9A02FE2847807B0005212B /* 1100.swift */,
				DEBD274E27883F2700E92FCE /* 1780.swift */,
				DEB5EA5627F03F2D00204BF6 /* 1152.swift */,
				DEB5EA5B27F040A700204BF6 /* 2675.swift */,
				DEB5EA5E27F0449300204BF6 /* 10809.swift */,
				DEB5EA6027F044DD00204BF6 /* 11720.swift */,
				DEB5EA6227F046DB00204BF6 /* 11654.swift */,
				DEB5EA6427F04C3700204BF6 /* 1978.swift */,
				DEB5EA6627F0510100204BF6 /* 2581.swift */,
				DEB5EA6827F052BF00204BF6 /* 11653.swift */,
				DEB5EA6A27F0557000204BF6 /* 4344.swift */,
				DE3E3814284461B80073FE9D /* 3052.swift */,
				DE3E3816284464840073FE9D /* 8958.swift */,
				DE3E38182844BA4F0073FE9D /* 1929.swift */,
				DE3E381A2844C0600073FE9D /* 4948.swift */,
				DE9A02F6284778080005212B /* 10824.swift */,
				DE9A02F82847790E0005212B /* 9093.swift */,
				DE9A02FA28477C2C0005212B /* 4153.swift */,
				DE2FFFB128646A63000CADB4 /* 10989.swift */,
			);
			name = "풀이 완료 파일";
			path = "풀이 완료 파일";
			sourceTree = "<group>";
		};
		DEA264ED28B89EA400669708 /* util */ = {
			isa = PBXGroup;
			children = (
				DEA264EE28B89EBF00669708 /* Queue.swift */,
				DEA264F328B8B28800669708 /* fileIO.swift */,
			);
			path = util;
			sourceTree = "<group>";
		};
		DEA2650028BB8C1B00669708 /* 풀이 필기 */ = {
			isa = PBXGroup;
			children = (
				DEA2650128BB8C1B00669708 /* 24511.png */,
			);
			path = "풀이 필기";
			sourceTree = "<group>";
		};
		DEBD274227883F2700E92FCE = {
			isa = PBXGroup;
			children = (
				DEBD274D27883F2700E92FCE /* algorithm */,
				DEB5EA5D27F0423100204BF6 /* algorithm */,
			);
			sourceTree = "<group>";
		};
		DEBD274D27883F2700E92FCE /* algorithm */ = {
			isa = PBXGroup;
			children = (
				DEA264E628B88AA900669708 /* main.swift */,
				DEEA4AC628C19FDB00818A7E /* 25044.swift */,
				DEDA6EA228C5C0FA00722353 /* 15649.swift */,
				DE77CB5228D1C286000DEAB9 /* 9095.swift */,
				DE69829F28BDF6B500909884 /* 덜 푼 문제 */,
				DE69829E28BDF6A700909884 /* 한번 더 생각해볼 문제 */,
				DEA2650028BB8C1B00669708 /* 풀이 필기 */,
				DEA264ED28B89EA400669708 /* util */,
				DE9A02FC28477DC80005212B /* 풀이 완료 파일 */,
			);
			path = algorithm;
			sourceTree = "<group>";
		};
/* End PBXGroup section */

/* Begin PBXNativeTarget section */
		DEBD274A27883F2700E92FCE /* algorithm */ = {
			isa = PBXNativeTarget;
			buildConfigurationList = DEBD275227883F2700E92FCE /* Build configuration list for PBXNativeTarget "algorithm" */;
			buildPhases = (
				DEBD274727883F2700E92FCE /* Sources */,
				DEBD274827883F2700E92FCE /* Frameworks */,
				DEBD274927883F2700E92FCE /* CopyFiles */,
			);
			buildRules = (
			);
			dependencies = (
			);
			name = algorithm;
			productName = Algorijum;
			productReference = DEB5EA5D27F0423100204BF6 /* algorithm */;
			productType = "com.apple.product-type.tool";
		};
/* End PBXNativeTarget section */

/* Begin PBXProject section */
		DEBD274327883F2700E92FCE /* Project object */ = {
			isa = PBXProject;
			attributes = {
				BuildIndependentTargetsInParallel = 1;
				LastSwiftUpdateCheck = 1320;
				LastUpgradeCheck = 1320;
				TargetAttributes = {
					DEBD274A27883F2700E92FCE = {
						CreatedOnToolsVersion = 13.2.1;
						LastSwiftMigration = 1340;
					};
				};
			};
			buildConfigurationList = DEBD274627883F2700E92FCE /* Build configuration list for PBXProject "algorithm" */;
			compatibilityVersion = "Xcode 13.0";
			developmentRegion = en;
			hasScannedForEncodings = 0;
			knownRegions = (
				en,
				Base,
			);
			mainGroup = DEBD274227883F2700E92FCE;
			productRefGroup = DEBD274227883F2700E92FCE;
			projectDirPath = "";
			projectRoot = "";
			targets = (
				DEBD274A27883F2700E92FCE /* algorithm */,
			);
		};
/* End PBXProject section */

/* Begin PBXSourcesBuildPhase section */
		DEBD274727883F2700E92FCE /* Sources */ = {
			isa = PBXSourcesBuildPhase;
			buildActionMask = 2147483647;
			files = (
				DE69829628BC4EF700909884 /* 1010.swift in Sources */,
				DEEA4AC528C0A8D000818A7E /* 9184.swift in Sources */,
				DE69829928BC930400909884 /* 2981.swift in Sources */,
				DEA264FC28BB6FB900669708 /* 15828.swift in Sources */,
				DEA264EF28B89EBF00669708 /* Queue.swift in Sources */,
				DEAB42E828D07033001B9814 /* 1476.swift in Sources */,
				DEA264FA28BB677500669708 /* 2161.swift in Sources */,
				DEEA4AC028C0900100818A7E /* 9461.swift in Sources */,
				DEEA4AC728C19FDB00818A7E /* 25044.swift in Sources */,
				DEEA4AC328C0A06800818A7E /* 13241.swift in Sources */,
				DEA264F028B8A72A00669708 /* 2164.swift in Sources */,
				DEA264EC28B89E9500669708 /* 10845.swift in Sources */,
				DEA264F628B8B2A300669708 /* 1966.swift in Sources */,
				DE77CB5128D1BF67000DEAB9 /* 1748.swift in Sources */,
				DE6982A228BDF6C400909884 /* 1676.swift in Sources */,
				DE17C75328D01E200081E183 /* 2309.swift in Sources */,
				DEA264E728B88AA900669708 /* main.swift in Sources */,
				DE77CB5328D1C286000DEAB9 /* 9095.swift in Sources */,
				DEA264F428B8B28800669708 /* fileIO.swift in Sources */,
				DEDA6EA328C5C0FA00722353 /* 15649.swift in Sources */,
				DEA264E528B88A9C00669708 /* 25305.swift in Sources */,
				DE6982A628BF411600909884 /* 2004.swift in Sources */,
				DE77CB4F28D1A35E000DEAB9 /* 3085.swift in Sources */,
				DEEA4ABC28C0809C00818A7E /* 24416.swift in Sources */,
				DEA264F828B8C83200669708 /* 11866.swift in Sources */,
				DE6982A428BF02F400909884 /* 9375.swift in Sources */,
				DEA264FF28BB848500669708 /* 18258.swift in Sources */,
				DEA264FE28BB7B7B00669708 /* 24511.swift in Sources */,
				DEEA4ABE28C080C600818A7E /* 1904.swift in Sources */,
			);
			runOnlyForDeploymentPostprocessing = 0;
		};
/* End PBXSourcesBuildPhase section */

/* Begin XCBuildConfiguration section */
		DEBD275027883F2700E92FCE /* Debug */ = {
			isa = XCBuildConfiguration;
			buildSettings = {
				ALWAYS_SEARCH_USER_PATHS = NO;
				CLANG_ANALYZER_NONNULL = YES;
				CLANG_ANALYZER_NUMBER_OBJECT_CONVERSION = YES_AGGRESSIVE;
				CLANG_CXX_LANGUAGE_STANDARD = "gnu++17";
				CLANG_CXX_LIBRARY = "libc++";
				CLANG_ENABLE_MODULES = YES;
				CLANG_ENABLE_OBJC_ARC = YES;
				CLANG_ENABLE_OBJC_WEAK = YES;
				CLANG_WARN_BLOCK_CAPTURE_AUTORELEASING = YES;
				CLANG_WARN_BOOL_CONVERSION = YES;
				CLANG_WARN_COMMA = YES;
				CLANG_WARN_CONSTANT_CONVERSION = YES;
				CLANG_WARN_DEPRECATED_OBJC_IMPLEMENTATIONS = YES;
				CLANG_WARN_DIRECT_OBJC_ISA_USAGE = YES_ERROR;
				CLANG_WARN_DOCUMENTATION_COMMENTS = YES;
				CLANG_WARN_EMPTY_BODY = YES;
				CLANG_WARN_ENUM_CONVERSION = YES;
				CLANG_WARN_INFINITE_RECURSION = YES;
				CLANG_WARN_INT_CONVERSION = YES;
				CLANG_WARN_NON_LITERAL_NULL_CONVERSION = YES;
				CLANG_WARN_OBJC_IMPLICIT_RETAIN_SELF = YES;
				CLANG_WARN_OBJC_LITERAL_CONVERSION = YES;
				CLANG_WARN_OBJC_ROOT_CLASS = YES_ERROR;
				CLANG_WARN_QUOTED_INCLUDE_IN_FRAMEWORK_HEADER = YES;
				CLANG_WARN_RANGE_LOOP_ANALYSIS = YES;
				CLANG_WARN_STRICT_PROTOTYPES = YES;
				CLANG_WARN_SUSPICIOUS_MOVE = YES;
				CLANG_WARN_UNGUARDED_AVAILABILITY = YES_AGGRESSIVE;
				CLANG_WARN_UNREACHABLE_CODE = YES;
				CLANG_WARN__DUPLICATE_METHOD_MATCH = YES;
				COPY_PHASE_STRIP = NO;
				DEBUG_INFORMATION_FORMAT = dwarf;
				ENABLE_STRICT_OBJC_MSGSEND = YES;
				ENABLE_TESTABILITY = YES;
				GCC_C_LANGUAGE_STANDARD = gnu11;
				GCC_DYNAMIC_NO_PIC = NO;
				GCC_NO_COMMON_BLOCKS = YES;
				GCC_OPTIMIZATION_LEVEL = 0;
				GCC_PREPROCESSOR_DEFINITIONS = (
					"DEBUG=1",
					"$(inherited)",
				);
				GCC_WARN_64_TO_32_BIT_CONVERSION = YES;
				GCC_WARN_ABOUT_RETURN_TYPE = YES_ERROR;
				GCC_WARN_UNDECLARED_SELECTOR = YES;
				GCC_WARN_UNINITIALIZED_AUTOS = YES_AGGRESSIVE;
				GCC_WARN_UNUSED_FUNCTION = YES;
				GCC_WARN_UNUSED_VARIABLE = YES;
				MACOSX_DEPLOYMENT_TARGET = 12.1;
				MTL_ENABLE_DEBUG_INFO = INCLUDE_SOURCE;
				MTL_FAST_MATH = YES;
				ONLY_ACTIVE_ARCH = YES;
				SDKROOT = macosx;
				SWIFT_ACTIVE_COMPILATION_CONDITIONS = DEBUG;
				SWIFT_OPTIMIZATION_LEVEL = "-Onone";
			};
			name = Debug;
		};
		DEBD275127883F2700E92FCE /* Release */ = {
			isa = XCBuildConfiguration;
			buildSettings = {
				ALWAYS_SEARCH_USER_PATHS = NO;
				CLANG_ANALYZER_NONNULL = YES;
				CLANG_ANALYZER_NUMBER_OBJECT_CONVERSION = YES_AGGRESSIVE;
				CLANG_CXX_LANGUAGE_STANDARD = "gnu++17";
				CLANG_CXX_LIBRARY = "libc++";
				CLANG_ENABLE_MODULES = YES;
				CLANG_ENABLE_OBJC_ARC = YES;
				CLANG_ENABLE_OBJC_WEAK = YES;
				CLANG_WARN_BLOCK_CAPTURE_AUTORELEASING = YES;
				CLANG_WARN_BOOL_CONVERSION = YES;
				CLANG_WARN_COMMA = YES;
				CLANG_WARN_CONSTANT_CONVERSION = YES;
				CLANG_WARN_DEPRECATED_OBJC_IMPLEMENTATIONS = YES;
				CLANG_WARN_DIRECT_OBJC_ISA_USAGE = YES_ERROR;
				CLANG_WARN_DOCUMENTATION_COMMENTS = YES;
				CLANG_WARN_EMPTY_BODY = YES;
				CLANG_WARN_ENUM_CONVERSION = YES;
				CLANG_WARN_INFINITE_RECURSION = YES;
				CLANG_WARN_INT_CONVERSION = YES;
				CLANG_WARN_NON_LITERAL_NULL_CONVERSION = YES;
				CLANG_WARN_OBJC_IMPLICIT_RETAIN_SELF = YES;
				CLANG_WARN_OBJC_LITERAL_CONVERSION = YES;
				CLANG_WARN_OBJC_ROOT_CLASS = YES_ERROR;
				CLANG_WARN_QUOTED_INCLUDE_IN_FRAMEWORK_HEADER = YES;
				CLANG_WARN_RANGE_LOOP_ANALYSIS = YES;
				CLANG_WARN_STRICT_PROTOTYPES = YES;
				CLANG_WARN_SUSPICIOUS_MOVE = YES;
				CLANG_WARN_UNGUARDED_AVAILABILITY = YES_AGGRESSIVE;
				CLANG_WARN_UNREACHABLE_CODE = YES;
				CLANG_WARN__DUPLICATE_METHOD_MATCH = YES;
				COPY_PHASE_STRIP = NO;
				DEBUG_INFORMATION_FORMAT = "dwarf-with-dsym";
				ENABLE_NS_ASSERTIONS = NO;
				ENABLE_STRICT_OBJC_MSGSEND = YES;
				GCC_C_LANGUAGE_STANDARD = gnu11;
				GCC_NO_COMMON_BLOCKS = YES;
				GCC_WARN_64_TO_32_BIT_CONVERSION = YES;
				GCC_WARN_ABOUT_RETURN_TYPE = YES_ERROR;
				GCC_WARN_UNDECLARED_SELECTOR = YES;
				GCC_WARN_UNINITIALIZED_AUTOS = YES_AGGRESSIVE;
				GCC_WARN_UNUSED_FUNCTION = YES;
				GCC_WARN_UNUSED_VARIABLE = YES;
				MACOSX_DEPLOYMENT_TARGET = 12.1;
				MTL_ENABLE_DEBUG_INFO = NO;
				MTL_FAST_MATH = YES;
				SDKROOT = macosx;
				SWIFT_COMPILATION_MODE = wholemodule;
				SWIFT_OPTIMIZATION_LEVEL = "-O";
			};
			name = Release;
		};
		DEBD275327883F2700E92FCE /* Debug */ = {
			isa = XCBuildConfiguration;
			buildSettings = {
				CLANG_ENABLE_MODULES = YES;
				CODE_SIGN_STYLE = Automatic;
				DEVELOPMENT_TEAM = 882B4FP598;
				ENABLE_HARDENED_RUNTIME = YES;
				LD_RUNPATH_SEARCH_PATHS = (
					"$(inherited)",
					"@executable_path/../Frameworks",
					"@loader_path/../Frameworks",
				);
				PRODUCT_NAME = "$(TARGET_NAME)";
				SWIFT_OPTIMIZATION_LEVEL = "-Onone";
				SWIFT_VERSION = 5.0;
			};
			name = Debug;
		};
		DEBD275427883F2700E92FCE /* Release */ = {
			isa = XCBuildConfiguration;
			buildSettings = {
				CLANG_ENABLE_MODULES = YES;
				CODE_SIGN_STYLE = Automatic;
				DEVELOPMENT_TEAM = 882B4FP598;
				ENABLE_HARDENED_RUNTIME = YES;
				LD_RUNPATH_SEARCH_PATHS = (
					"$(inherited)",
					"@executable_path/../Frameworks",
					"@loader_path/../Frameworks",
				);
				PRODUCT_NAME = "$(TARGET_NAME)";
				SWIFT_VERSION = 5.0;
			};
			name = Release;
		};
/* End XCBuildConfiguration section */

/* Begin XCConfigurationList section */
		DEBD274627883F2700E92FCE /* Build configuration list for PBXProject "algorithm" */ = {
			isa = XCConfigurationList;
			buildConfigurations = (
				DEBD275027883F2700E92FCE /* Debug */,
				DEBD275127883F2700E92FCE /* Release */,
			);
			defaultConfigurationIsVisible = 0;
			defaultConfigurationName = Release;
		};
		DEBD275227883F2700E92FCE /* Build configuration list for PBXNativeTarget "algorithm" */ = {
			isa = XCConfigurationList;
			buildConfigurations = (
				DEBD275327883F2700E92FCE /* Debug */,
				DEBD275427883F2700E92FCE /* Release */,
			);
			defaultConfigurationIsVisible = 0;
			defaultConfigurationName = Release;
		};
/* End XCConfigurationList section */
	};
	rootObject = DEBD274327883F2700E92FCE /* Project object */;
}
